
Microsoft Visual Studio Solution File, Format Version 12.00
# Visual Studio Version 16
VisualStudioVersion = 16.0.31205.134
MinimumVisualStudioVersion = 10.0.40219.1
Project("{FAE04EC0-301F-11D3-BF4B-00C04F79EFBC}") = "FormsGallery.Android", "FormsGallery\FormsGallery.Android\FormsGallery.Android.csproj", "{E3DE09E9-26CE-45D1-9451-6122DEBCB473}"
EndProject
Project("{FAE04EC0-301F-11D3-BF4B-00C04F79EFBC}") = "FormsGallery.iOS", "FormsGallery\FormsGallery.iOS\FormsGallery.iOS.csproj", "{20EBF18B-AF63-4523-B8F1-77EA3A5FC584}"
EndProject
Project("{FAE04EC0-301F-11D3-BF4B-00C04F79EFBC}") = "FormsGallery", "FormsGallery\FormsGallery\FormsGallery.csproj", "{0ED3E6C5-1097-4269-94F2-8A35868B45EB}"
EndProject
Global
	GlobalSection(SolutionConfigurationPlatforms) = preSolution
		Debug|Any CPU = Debug|Any CPU
		Debug|iPhone = Debug|iPhone
		Debug|iPhoneSimulator = Debug|iPhoneSimulator
		Release|Any CPU = Release|Any CPU
		Release|iPhone = Release|iPhone
		Release|iPhoneSimulator = Release|iPhoneSimulator
	EndGlobalSection
	GlobalSection(ProjectConfigurationPlatforms) = postSolution
		{E3DE09E9-26CE-45D1-9451-6122DEBCB473}.Debug|Any CPU.ActiveCfg = Debug|Any CPU
		{E3DE09E9-26CE-45D1-9451-6122DEBCB473}.Debug|Any CPU.Build.0 = Debug|Any CPU
		{E3DE09E9-26CE-45D1-9451-6122DEBCB473}.Debug|Any CPU.Deploy.0 = Debug|Any CPU
		{E3DE09E9-26CE-45D1-9451-6122DEBCB473}.Debug|iPhone.ActiveCfg = Debug|Any CPU
		{E3DE09E9-26CE-45D1-9451-6122DEBCB473}.Debug|iPhone.Build.0 = Debug|Any CPU
		{E3DE09E9-26CE-45D1-9451-6122DEBCB473}.Debug|iPhone.Deploy.0 = Debug|Any CPU
		{E3DE09E9-26CE-45D1-9451-6122DEBCB473}.Debug|iPhoneSimulator.ActiveCfg = Debug|Any CPU
		{E3DE09E9-26CE-45D1-9451-6122DEBCB473}.Debug|iPhoneSimulator.Build.0 = Debug|Any CPU
		{E3DE09E9-26CE-45D1-9451-6122DEBCB473}.Debug|iPhoneSimulator.Deploy.0 = Debug|Any CPU
		{E3DE09E9-26CE-45D1-9451-6122DEBCB473}.Release|Any CPU.ActiveCfg = Release|Any CPU
		{E3DE09E9-26CE-45D1-9451-6122DEBCB473}.Release|Any CPU.Build.0 = Release|Any CPU
		{E3DE09E9-26CE-45D1-9451-6122DEBCB473}.Release|Any CPU.Deploy.0 = Release|Any CPU
		{E3DE09E9-26CE-45D1-9451-6122DEBCB473}.Release|iPhone.ActiveCfg = Release|Any CPU
		{E3DE09E9-26CE-45D1-9451-6122DEBCB473}.Release|iPhone.Build.0 = Release|Any CPU
		{E3DE09E9-26CE-45D1-9451-6122DEBCB473}.Release|iPhone.Deploy.0 = Release|Any CPU
		{E3DE09E9-26CE-45D1-9451-6122DEBCB473}.Release|iPhoneSimulator.ActiveCfg = Release|Any CPU
		{E3DE09E9-26CE-45D1-9451-6122DEBCB473}.Release|iPhoneSimulator.Build.0 = Release|Any CPU
		{E3DE09E9-26CE-45D1-9451-6122DEBCB473}.Release|iPhoneSimulator.Deploy.0 = Release|Any CPU
		{20EBF18B-AF63-4523-B8F1-77EA3A5FC584}.Debug|Any CPU.ActiveCfg = Debug|iPhone
		{20EBF18B-AF63-4523-B8F1-77EA3A5FC584}.Debug|Any CPU.Build.0 = Debug|iPhone
		{20EBF18B-AF63-4523-B8F1-77EA3A5FC584}.Debug|Any CPU.Deploy.0 = Debug|iPhone
		{20EBF18B-AF63-4523-B8F1-77EA3A5FC584}.Debug|iPhone.ActiveCfg = Debug|iPhone
		{20EBF18B-AF63-4523-B8F1-77EA3A5FC584}.Debug|iPhone.Build.0 = Debug|iPhone
		{20EBF18B-AF63-4523-B8F1-77EA3A5FC584}.Debug|iPhone.Deploy.0 = Debug|iPhone
		{20EBF18B-AF63-4523-B8F1-77EA3A5FC584}.Debug|iPhoneSimulator.ActiveCfg = Debug|iPhoneSimulator
		{20EBF18B-AF63-4523-B8F1-77EA3A5FC584}.Debug|iPhoneSimulator.Build.0 = Debug|iPhoneSimulator
		{20EBF18B-AF63-4523-B8F1-77EA3A5FC584}.Debug|iPhoneSimulator.Deploy.0 = Debug|iPhoneSimulator
		{20EBF18B-AF63-4523-B8F1-77EA3A5FC584}.Release|Any CPU.ActiveCfg = Release|iPhoneSimulator
		{20EBF18B-AF63-4523-B8F1-77EA3A5FC584}.Release|Any CPU.Build.0 = Release|iPhoneSimulator
		{20EBF18B-AF63-4523-B8F1-77EA3A5FC584}.Release|Any CPU.Deploy.0 = Release|iPhoneSimulator
		{20EBF18B-AF63-4523-B8F1-77EA3A5FC584}.Release|iPhone.ActiveCfg = Release|iPhone
		{20EBF18B-AF63-4523-B8F1-77EA3A5FC584}.Release|iPhone.Build.0 = Release|iPhone
		{20EBF18B-AF63-4523-B8F1-77EA3A5FC584}.Release|iPhone.Deploy.0 = Release|iPhone
		{20EBF18B-AF63-4523-B8F1-77EA3A5FC584}.Release|iPhoneSimulator.ActiveCfg = Release|iPhoneSimulator
		{20EBF18B-AF63-4523-B8F1-77EA3A5FC584}.Release|iPhoneSimulator.Build.0 = Release|iPhoneSimulator
		{20EBF18B-AF63-4523-B8F1-77EA3A5FC584}.Release|iPhoneSimulator.Deploy.0 = Release|iPhoneSimulator
		{0ED3E6C5-1097-4269-94F2-8A35868B45EB}.Debug|Any CPU.ActiveCfg = Debug|Any CPU
		{0ED3E6C5-1097-4269-94F2-8A35868B45EB}.Debug|Any CPU.Build.0 = Debug|Any CPU
		{0ED3E6C5-1097-4269-94F2-8A35868B45EB}.Debug|Any CPU.Deploy.0 = Debug|Any CPU
		{0ED3E6C5-1097-4269-94F2-8A35868B45EB}.Debug|iPhone.ActiveCfg = Debug|Any CPU
		{0ED3E6C5-1097-4269-94F2-8A35868B45EB}.Debug|iPhone.Build.0 = Debug|Any CPU
		{0ED3E6C5-1097-4269-94F2-8A35868B45EB}.Debug|iPhone.Deploy.0 = Debug|Any CPU
		{0ED3E6C5-1097-4269-94F2-8A35868B45EB}.Debug|iPhoneSimulator.ActiveCfg = Debug|Any CPU
		{0ED3E6C5-1097-4269-94F2-8A35868B45EB}.Debug|iPhoneSimulator.Build.0 = Debug|Any CPU
		{0ED3E6C5-1097-4269-94F2-8A35868B45EB}.Debug|iPhoneSimulator.Deploy.0 = Debug|Any CPU
		{0ED3E6C5-1097-4269-94F2-8A35868B45EB}.Release|Any CPU.ActiveCfg = Release|Any CPU
		{0ED3E6C5-1097-4269-94F2-8A35868B45EB}.Release|Any CPU.Build.0 = Release|Any CPU
		{0ED3E6C5-1097-4269-94F2-8A35868B45EB}.Release|Any CPU.Deploy.0 = Release|Any CPU
		{0ED3E6C5-1097-4269-94F2-8A35868B45EB}.Release|iPhone.ActiveCfg = Release|Any CPU
		{0ED3E6C5-1097-4269-94F2-8A35868B45EB}.Release|iPhone.Build.0 = Release|Any CPU
		{0ED3E6C5-1097-4269-94F2-8A35868B45EB}.Release|iPhone.Deploy.0 = Release|Any CPU
		{0ED3E6C5-1097-4269-94F2-8A35868B45EB}.Release|iPhoneSimulator.ActiveCfg = Release|Any CPU
		{0ED3E6C5-1097-4269-94F2-8A35868B45EB}.Release|iPhoneSimulator.Build.0 = Release|Any CPU
		{0ED3E6C5-1097-4269-94F2-8A35868B45EB}.Release|iPhoneSimulator.Deploy.0 = Release|Any CPU
	EndGlobalSection
	GlobalSection(SolutionProperties) = preSolution
		HideSolutionNode = FALSE
	EndGlobalSection
	GlobalSection(ExtensibilityGlobals) = postSolution
		SolutionGuid = {BB2DAF09-C382-4E18-B381-7BDD934DF4FB}
	EndGlobalSection
EndGlobal
